// !$*UTF8*$!
{
	archiveVersion = 1;
	classes = {
	};
	objectVersion = 48;
	objects = {

/* Begin PBXBuildFile section */
		17941B9B2040C00600C6E625 /* AppDelegate.swift in Sources */ = {isa = PBXBuildFile; fileRef = 17941B9A2040C00600C6E625 /* AppDelegate.swift */; };
		17941B9D2040C00600C6E625 /* ViewController.swift in Sources */ = {isa = PBXBuildFile; fileRef = 17941B9C2040C00600C6E625 /* ViewController.swift */; };
		17941BA02040C00600C6E625 /* Main.storyboard in Resources */ = {isa = PBXBuildFile; fileRef = 17941B9E2040C00600C6E625 /* Main.storyboard */; };
		17941BA22040C00600C6E625 /* Assets.xcassets in Resources */ = {isa = PBXBuildFile; fileRef = 17941BA12040C00600C6E625 /* Assets.xcassets */; };
		17941BA52040C00600C6E625 /* LaunchScreen.storyboard in Resources */ = {isa = PBXBuildFile; fileRef = 17941BA32040C00600C6E625 /* LaunchScreen.storyboard */; };
		17941BAD2040C05400C6E625 /* MagicBallView.swift in Sources */ = {isa = PBXBuildFile; fileRef = 17941BAC2040C05400C6E625 /* MagicBallView.swift */; };
/* End PBXBuildFile section */

/* Begin PBXFileReference section */
		17941B972040C00600C6E625 /* AnimationAndDraw.app */ = {isa = PBXFileReference; explicitFileType = wrapper.application; includeInIndex = 0; path = AnimationAndDraw.app; sourceTree = BUILT_PRODUCTS_DIR; };
		17941B9A2040C00600C6E625 /* AppDelegate.swift */ = {isa = PBXFileReference; lastKnownFileType = sourcecode.swift; path = AppDelegate.swift; sourceTree = "<group>"; };
		17941B9C2040C00600C6E625 /* ViewController.swift */ = {isa = PBXFileReference; lastKnownFileType = sourcecode.swift; path = ViewController.swift; sourceTree = "<group>"; };
		17941B9F2040C00600C6E625 /* Base */ = {isa = PBXFileReference; lastKnownFileType = file.storyboard; name = Base; path = Base.lproj/Main.storyboard; sourceTree = "<group>"; };
		17941BA12040C00600C6E625 /* Assets.xcassets */ = {isa = PBXFileReference; lastKnownFileType = folder.assetcatalog; path = Assets.xcassets; sourceTree = "<group>"; };
		17941BA42040C00600C6E625 /* Base */ = {isa = PBXFileReference; lastKnownFileType = file.storyboard; name = Base; path = Base.lproj/LaunchScreen.storyboard; sourceTree = "<group>"; };
		17941BA62040C00600C6E625 /* Info.plist */ = {isa = PBXFileReference; lastKnownFileType = text.plist.xml; path = Info.plist; sourceTree = "<group>"; };
		17941BAC2040C05400C6E625 /* MagicBallView.swift */ = {isa = PBXFileReference; lastKnownFileType = sourcecode.swift; path = MagicBallView.swift; sourceTree = "<group>"; };
/* End PBXFileReference section */

/* Begin PBXFrameworksBuildPhase section */
		17941B942040C00600C6E625 /* Frameworks */ = {
			isa = PBXFrameworksBuildPhase;
			buildActionMask = 2147483647;
			files = (
			);
			runOnlyForDeploymentPostprocessing = 0;
		};
/* End PBXFrameworksBuildPhase section */

/* Begin PBXGroup section */
		17941B8E2040C00600C6E625 = {
			isa = PBXGroup;
			children = (
				17941B992040C00600C6E625 /* AnimationAndDraw */,
				17941B982040C00600C6E625 /* Products */,
			);
			sourceTree = "<group>";
		};
		17941B982040C00600C6E625 /* Products */ = {
			isa = PBXGroup;
			children = (
				17941B972040C00600C6E625 /* AnimationAndDraw.app */,
			);
			name = Products;
			sourceTree = "<group>";
		};
		17941B992040C00600C6E625 /* AnimationAndDraw */ = {
			isa = PBXGroup;
			children = (
				17941B9A2040C00600C6E625 /* AppDelegate.swift */,
				17941B9C2040C00600C6E625 /* ViewController.swift */,
				17941BAC2040C05400C6E625 /* MagicBallView.swift */,
				17941B9E2040C00600C6E625 /* Main.storyboard */,
				17941BA12040C00600C6E625 /* Assets.xcassets */,
				17941BA32040C00600C6E625 /* LaunchScreen.storyboard */,
				17941BA62040C00600C6E625 /* Info.plist */,
			);
			path = AnimationAndDraw;
			sourceTree = "<group>";
		};
/* End PBXGroup section */

/* Begin PBXNativeTarget section */
		17941B962040C00600C6E625 /* AnimationAndDraw */ = {
			isa = PBXNativeTarget;
			buildConfigurationList = 17941BA92040C00600C6E625 /* Build configuration list for PBXNativeTarget "AnimationAndDraw" */;
			buildPhases = (
				17941B932040C00600C6E625 /* Sources */,
				17941B942040C00600C6E625 /* Frameworks */,
				17941B952040C00600C6E625 /* Resources */,
			);
			buildRules = (
			);
			dependencies = (
			);
			name = AnimationAndDraw;
			productName = AnimationAndDraw;
			productReference = 17941B972040C00600C6E625 /* AnimationAndDraw.app */;
			productType = "com.apple.product-type.application";
		};
/* End PBXNativeTarget section */

/* Begin PBXProject section */
		17941B8F2040C00600C6E625 /* Project object */ = {
			isa = PBXProject;
			attributes = {
				LastSwiftUpdateCheck = 0920;
				LastUpgradeCheck = 0920;
				ORGANIZATIONNAME = "Nikolas Omelianov";
				TargetAttributes = {
					17941B962040C00600C6E625 = {
						CreatedOnToolsVersion = 9.2;
						ProvisioningStyle = Automatic;
					};
				};
			};
			buildConfigurationList = 17941B922040C00600C6E625 /* Build configuration list for PBXProject "AnimationAndDraw" */;
			compatibilityVersion = "Xcode 8.0";
			developmentRegion = en;
			hasScannedForEncodings = 0;
			knownRegions = (
				en,
				Base,
			);
			mainGroup = 17941B8E2040C00600C6E625;
			productRefGroup = 17941B982040C00600C6E625 /* Products */;
			projectDirPath = "";
			projectRoot = "";
			targets = (
				17941B962040C00600C6E625 /* AnimationAndDraw */,
			);
		};
/* End PBXProject section */

/* Begin PBXResourcesBuildPhase section */
		17941B952040C00600C6E625 /* Resources */ = {
			isa = PBXResourcesBuildPhase;
			buildActionMask = 2147483647;
			files = (
				17941BA52040C00600C6E625 /* LaunchScreen.storyboard in Resources */,
				17941BA22040C00600C6E625 /* Assets.xcassets in Resources */,
				17941BA02040C00600C6E625 /* Main.storyboard in Resources */,
			);
			runOnlyForDeploymentPostprocessing = 0;
		};
/* End PBXResourcesBuildPhase section */

/* Begin PBXSourcesBuildPhase section */
		17941B932040C00600C6E625 /* Sources */ = {
			isa = PBXSourcesBuildPhase;
			buildActionMask = 2147483647;
			files = (
				17941B9D2040C00600C6E625 /* ViewController.swift in Sources */,
				17941BAD2040C05400C6E625 /* MagicBallView.swift in Sources */,
				17941B9B2040C00600C6E625 /* AppDelegate.swift in Sources */,
			);
			runOnlyForDeploymentPostprocessing = 0;
		};
/* End PBXSourcesBuildPhase section */

/* Begin PBXVariantGroup section */
		17941B9E2040C00600C6E625 /* Main.storyboard */ = {
			isa = PBXVariantGroup;
			children = (
				17941B9F2040C00600C6E625 /* Base */,
			);
			name = Main.storyboard;
			sourceTree = "<group>";
		};
		17941BA32040C00600C6E625 /* LaunchScreen.storyboard */ = {
			isa = PBXVariantGroup;
			children = (
				17941BA42040C00600C6E625 /* Base */,
			);
			name = LaunchScreen.storyboard;
			sourceTree = "<group>";
		};
/* End PBXVariantGroup section */

/* Begin XCBuildConfiguration section */
		17941BA72040C00600C6E625 /* Debug */ = {
			isa = XCBuildConfiguration;
			buildSettings = {
				ALWAYS_SEARCH_USER_PATHS = NO;
				CLANG_ANALYZER_NONNULL = YES;
				CLANG_ANALYZER_NUMBER_OBJECT_CONVERSION = YES_AGGRESSIVE;
				CLANG_CXX_LANGUAGE_STANDARD = "gnu++14";
				CLANG_CXX_LIBRARY = "libc++";
				CLANG_ENABLE_MODULES = YES;
				CLANG_ENABLE_OBJC_ARC = YES;
				CLANG_WARN_BLOCK_CAPTURE_AUTORELEASING = YES;
				CLANG_WARN_BOOL_CONVERSION = YES;
				CLANG_WARN_COMMA = YES;
				CLANG_WARN_CONSTANT_CONVERSION = YES;
				CLANG_WARN_DIRECT_OBJC_ISA_USAGE = YES_ERROR;
				CLANG_WARN_DOCUMENTATION_COMMENTS = YES;
				CLANG_WARN_EMPTY_BODY = YES;
				CLANG_WARN_ENUM_CONVERSION = YES;
				CLANG_WARN_INFINITE_RECURSION = YES;
				CLANG_WARN_INT_CONVERSION = YES;
				CLANG_WARN_NON_LITERAL_NULL_CONVERSION = YES;
				CLANG_WARN_OBJC_LITERAL_CONVERSION = YES;
				CLANG_WARN_OBJC_ROOT_CLASS = YES_ERROR;
				CLANG_WARN_RANGE_LOOP_ANALYSIS = YES;
				CLANG_WARN_STRICT_PROTOTYPES = YES;
				CLANG_WARN_SUSPICIOUS_MOVE = YES;
				CLANG_WARN_UNGUARDED_AVAILABILITY = YES_AGGRESSIVE;
				CLANG_WARN_UNREACHABLE_CODE = YES;
				CLANG_WARN__DUPLICATE_METHOD_MATCH = YES;
				CODE_SIGN_IDENTITY = "iPhone Developer";
				COPY_PHASE_STRIP = NO;
				DEBUG_INFORMATION_FORMAT = dwarf;
				ENABLE_STRICT_OBJC_MSGSEND = YES;
				ENABLE_TESTABILITY = YES;
				GCC_C_LANGUAGE_STANDARD = gnu11;
				GCC_DYNAMIC_NO_PIC = NO;
				GCC_NO_COMMON_BLOCKS = YES;
				GCC_OPTIMIZATION_LEVEL = 0;
				GCC_PREPROCESSOR_DEFINITIONS = (
					"DEBUG=1",
					"$(inherited)",
				);
				GCC_WARN_64_TO_32_BIT_CONVERSION = YES;
				GCC_WARN_ABOUT_RETURN_TYPE = YES_ERROR;
				GCC_WARN_UNDECLARED_SELECTOR = YES;
				GCC_WARN_UNINITIALIZED_AUTOS = YES_AGGRESSIVE;
				GCC_WARN_UNUSED_FUNCTION = YES;
				GCC_WARN_UNUSED_VARIABLE = YES;
				IPHONEOS_DEPLOYMENT_TARGET = 11.2;
				MTL_ENABLE_DEBUG_INFO = YES;
				ONLY_ACTIVE_ARCH = YES;
				SDKROOT = iphoneos;
				SWIFT_ACTIVE_COMPILATION_CONDITIONS = DEBUG;
				SWIFT_OPTIMIZATION_LEVEL = "-Onone";
			};
			name = Debug;
		};
		17941BA82040C00600C6E625 /* Release */ = {
			isa = XCBuildConfiguration;
			buildSettings = {
				ALWAYS_SEARCH_USER_PATHS = NO;
				CLANG_ANALYZER_NONNULL = YES;
				CLANG_ANALYZER_NUMBER_OBJECT_CONVERSION = YES_AGGRESSIVE;
				CLANG_CXX_LANGUAGE_STANDARD = "gnu++14";
				CLANG_CXX_LIBRARY = "libc++";
				CLANG_ENABLE_MODULES = YES;
				CLANG_ENABLE_OBJC_ARC = YES;
				CLANG_WARN_BLOCK_CAPTURE_AUTORELEASING = YES;
				CLANG_WARN_BOOL_CONVERSION = YES;
				CLANG_WARN_COMMA = YES;
				CLANG_WARN_CONSTANT_CONVERSION = YES;
				CLANG_WARN_DIRECT_OBJC_ISA_USAGE = YES_ERROR;
				CLANG_WARN_DOCUMENTATION_COMMENTS = YES;
				CLANG_WARN_EMPTY_BODY = YES;
				CLANG_WARN_ENUM_CONVERSION = YES;
				CLANG_WARN_INFINITE_RECURSION = YES;
				CLANG_WARN_INT_CONVERSION = YES;
				CLANG_WARN_NON_LITERAL_NULL_CONVERSION = YES;
				CLANG_WARN_OBJC_LITERAL_CONVERSION = YES;
				CLANG_WARN_OBJC_ROOT_CLASS = YES_ERROR;
				CLANG_WARN_RANGE_LOOP_ANALYSIS = YES;
				CLANG_WARN_STRICT_PROTOTYPES = YES;
				CLANG_WARN_SUSPICIOUS_MOVE = YES;
				CLANG_WARN_UNGUARDED_AVAILABILITY = YES_AGGRESSIVE;
				CLANG_WARN_UNREACHABLE_CODE = YES;
				CLANG_WARN__DUPLICATE_METHOD_MATCH = YES;
				CODE_SIGN_IDENTITY = "iPhone Developer";
				COPY_PHASE_STRIP = NO;
				DEBUG_INFORMATION_FORMAT = "dwarf-with-dsym";
				ENABLE_NS_ASSERTIONS = NO;
				ENABLE_STRICT_OBJC_MSGSEND = YES;
				GCC_C_LANGUAGE_STANDARD = gnu11;
				GCC_NO_COMMON_BLOCKS = YES;
				GCC_WARN_64_TO_32_BIT_CONVERSION = YES;
				GCC_WARN_ABOUT_RETURN_TYPE = YES_ERROR;
				GCC_WARN_UNDECLARED_SELECTOR = YES;
				GCC_WARN_UNINITIALIZED_AUTOS = YES_AGGRESSIVE;
				GCC_WARN_UNUSED_FUNCTION = YES;
				GCC_WARN_UNUSED_VARIABLE = YES;
				IPHONEOS_DEPLOYMENT_TARGET = 11.2;
				MTL_ENABLE_DEBUG_INFO = NO;
				SDKROOT = iphoneos;
				SWIFT_OPTIMIZATION_LEVEL = "-Owholemodule";
				VALIDATE_PRODUCT = YES;
			};
			name = Release;
		};
		17941BAA2040C00600C6E625 /* Debug */ = {
			isa = XCBuildConfiguration;
			buildSettings = {
				ASSETCATALOG_COMPILER_APPICON_NAME = AppIcon;
				CODE_SIGN_STYLE = Automatic;
				DEVELOPMENT_TEAM = S55L3KXWBC;
				INFOPLIST_FILE = AnimationAndDraw/Info.plist;
				LD_RUNPATH_SEARCH_PATHS = "$(inherited) @executable_path/Frameworks";
				PRODUCT_BUNDLE_IDENTIFIER = com.nikolasomelianov.AnimationAndDraw;
				PRODUCT_NAME = "$(TARGET_NAME)";
				SWIFT_VERSION = 4.0;
				TARGETED_DEVICE_FAMILY = "1,2";
			};
			name = Debug;
		};
		17941BAB2040C00600C6E625 /* Release */ = {
			isa = XCBuildConfiguration;
			buildSettings = {
				ASSETCATALOG_COMPILER_APPICON_NAME = AppIcon;
				CODE_SIGN_STYLE = Automatic;
				DEVELOPMENT_TEAM = S55L3KXWBC;
				INFOPLIST_FILE = AnimationAndDraw/Info.plist;
				LD_RUNPATH_SEARCH_PATHS = "$(inherited) @executable_path/Frameworks";
				PRODUCT_BUNDLE_IDENTIFIER = com.nikolasomelianov.AnimationAndDraw;
				PRODUCT_NAME = "$(TARGET_NAME)";
				SWIFT_VERSION = 4.0;
				TARGETED_DEVICE_FAMILY = "1,2";
			};
			name = Release;
		};
/* End XCBuildConfiguration section */

/* Begin XCConfigurationList section */
		17941B922040C00600C6E625 /* Build configuration list for PBXProject "AnimationAndDraw" */ = {
			isa = XCConfigurationList;
			buildConfigurations = (
				17941BA72040C00600C6E625 /* Debug */,
				17941BA82040C00600C6E625 /* Release */,
			);
			defaultConfigurationIsVisible = 0;
			defaultConfigurationName = Release;
		};
		17941BA92040C00600C6E625 /* Build configuration list for PBXNativeTarget "AnimationAndDraw" */ = {
			isa = XCConfigurationList;
			buildConfigurations = (
				17941BAA2040C00600C6E625 /* Debug */,
				17941BAB2040C00600C6E625 /* Release */,
			);
			defaultConfigurationIsVisible = 0;
			defaultConfigurationName = Release;
		};
/* End XCConfigurationList section */
	};
	rootObject = 17941B8F2040C00600C6E625 /* Project object */;
}
